
Microsoft Visual Studio Solution File, Format Version 12.00
# Visual Studio 15
Project("{FAE04EC0-301F-11D3-BF4B-00C04F79EFBC}") = "Assembly-CSharp", "Assembly-CSharp.csproj", "{A006AAC8-CC3C-3C9D-05A2-822A3AB03ACD}"
EndProject
Project("{FAE04EC0-301F-11D3-BF4B-00C04F79EFBC}") = "Assembly-CSharp-Editor", "Assembly-CSharp-Editor.csproj", "{DBE14D26-4DC7-0E39-EC7D-5B18027CC8C7}"
EndProject
Global
	GlobalSection(SolutionConfigurationPlatforms) = preSolution
		Debug|Any CPU = Debug|Any CPU
		Release|Any CPU = Release|Any CPU
	EndGlobalSection
	GlobalSection(ProjectConfigurationPlatforms) = postSolution
		{A006AAC8-CC3C-3C9D-05A2-822A3AB03ACD}.Debug|Any CPU.ActiveCfg = Debug|Any CPU
		{A006AAC8-CC3C-3C9D-05A2-822A3AB03ACD}.Debug|Any CPU.Build.0 = Debug|Any CPU
		{A006AAC8-CC3C-3C9D-05A2-822A3AB03ACD}.Release|Any CPU.ActiveCfg = Release|Any CPU
		{A006AAC8-CC3C-3C9D-05A2-822A3AB03ACD}.Release|Any CPU.Build.0 = Release|Any CPU
		{DBE14D26-4DC7-0E39-EC7D-5B18027CC8C7}.Debug|Any CPU.ActiveCfg = Debug|Any CPU
		{DBE14D26-4DC7-0E39-EC7D-5B18027CC8C7}.Debug|Any CPU.Build.0 = Debug|Any CPU
		{DBE14D26-4DC7-0E39-EC7D-5B18027CC8C7}.Release|Any CPU.ActiveCfg = Release|Any CPU
		{DBE14D26-4DC7-0E39-EC7D-5B18027CC8C7}.Release|Any CPU.Build.0 = Release|Any CPU
	EndGlobalSection
	GlobalSection(SolutionProperties) = preSolution
		HideSolutionNode = FALSE
	EndGlobalSection
EndGlobal
